
Microsoft Visual Studio Solution File, Format Version 12.00
# Visual Studio 14
VisualStudioVersion = 14.0.23107.0
MinimumVisualStudioVersion = 10.0.40219.1
Project("{FAE04EC0-301F-11D3-BF4B-00C04F79EFBC}") = "NowPlaying", "NowPlaying\NowPlaying.csproj", "{B749C01D-0E58-4678-B149-937B3DBB3B13}"
EndProject
Project("{2150E333-8FDC-42A3-9474-1A3956D46DE8}") = "Release", "Release", "{74301521-EF4F-4378-A47F-6F60226C7BB4}"
	ProjectSection(SolutionItems) = preProject
		NowPlaying\bin\Release\NowPlaying.exe = NowPlaying\bin\Release\NowPlaying.exe
	EndProjectSection
EndProject
Global
	GlobalSection(SolutionConfigurationPlatforms) = preSolution
		Debug|Any CPU = Debug|Any CPU
		Release|Any CPU = Release|Any CPU
	EndGlobalSection
	GlobalSection(ProjectConfigurationPlatforms) = postSolution
		{B749C01D-0E58-4678-B149-937B3DBB3B13}.Debug|Any CPU.ActiveCfg = Debug|Any CPU
		{B749C01D-0E58-4678-B149-937B3DBB3B13}.Debug|Any CPU.Build.0 = Debug|Any CPU
		{B749C01D-0E58-4678-B149-937B3DBB3B13}.Release|Any CPU.ActiveCfg = Release|Any CPU
		{B749C01D-0E58-4678-B149-937B3DBB3B13}.Release|Any CPU.Build.0 = Release|Any CPU
	EndGlobalSection
	GlobalSection(SolutionProperties) = preSolution
		HideSolutionNode = FALSE
	EndGlobalSection
EndGlobal
